// !$*UTF8*$!
{
	archiveVersion = 1;
	classes = {
	};
	objectVersion = 56;
	objects = {

/* Begin PBXBuildFile section */
		CD4CA07D2C23449300A4A7F4 /* UpdatesTabScreen.swift in Sources */ = {isa = PBXBuildFile; fileRef = CD4CA07C2C23449300A4A7F4 /* UpdatesTabScreen.swift */; };
		CD5B26C92C36F34A00B5F357 /* CommunityTabScreen.swift in Sources */ = {isa = PBXBuildFile; fileRef = CD5B26C82C36F34A00B5F357 /* CommunityTabScreen.swift */; };
		CD5B26CC2C36FC0900B5F357 /* ChannelTabScreen.swift in Sources */ = {isa = PBXBuildFile; fileRef = CD5B26CB2C36FC0900B5F357 /* ChannelTabScreen.swift */; };
		CD69378A2C2ED6C80064680C /* CallsTabScreen.swift in Sources */ = {isa = PBXBuildFile; fileRef = CD6937892C2ED6C80064680C /* CallsTabScreen.swift */; };
		CD69378D2C2EF8300064680C /* CustomFont.swift in Sources */ = {isa = PBXBuildFile; fileRef = CD69378C2C2EF8300064680C /* CustomFont.swift */; };
		CD9B96432C46E15100452F06 /* ChannelItemView.swift in Sources */ = {isa = PBXBuildFile; fileRef = CD9B96422C46E15100452F06 /* ChannelItemView.swift */; };
		CDA64F342C1DCE3B00E0524D /* DYchatApp.swift in Sources */ = {isa = PBXBuildFile; fileRef = CDA64F332C1DCE3B00E0524D /* DYchatApp.swift */; };
		CDA64F382C1DCE3C00E0524D /* Assets.xcassets in Resources */ = {isa = PBXBuildFile; fileRef = CDA64F372C1DCE3C00E0524D /* Assets.xcassets */; };
		CDA64F3B2C1DCE3C00E0524D /* Preview Assets.xcassets in Resources */ = {isa = PBXBuildFile; fileRef = CDA64F3A2C1DCE3C00E0524D /* Preview Assets.xcassets */; };
		CDA64F422C1DCEC200E0524D /* MainTabView.swift in Sources */ = {isa = PBXBuildFile; fileRef = CDA64F412C1DCEC200E0524D /* MainTabView.swift */; };
		CDAF01F12C2ED35E00DFC23C /* VT323-Regular.ttf in Resources */ = {isa = PBXBuildFile; fileRef = CDAF01F02C2ED35E00DFC23C /* VT323-Regular.ttf */; };
		CDCFEFF12C482459003EC636 /* SettingsTabScreen.swift in Sources */ = {isa = PBXBuildFile; fileRef = CDCFEFF02C482459003EC636 /* SettingsTabScreen.swift */; };
		CDCFEFF32C4824ED003EC636 /* SettingsItemView.swift in Sources */ = {isa = PBXBuildFile; fileRef = CDCFEFF22C4824ED003EC636 /* SettingsItemView.swift */; };
		CDCFEFF62C482764003EC636 /* SettingsItem.swift in Sources */ = {isa = PBXBuildFile; fileRef = CDCFEFF52C482764003EC636 /* SettingsItem.swift */; };
/* End PBXBuildFile section */

/* Begin PBXFileReference section */
		CD4CA07C2C23449300A4A7F4 /* UpdatesTabScreen.swift */ = {isa = PBXFileReference; lastKnownFileType = sourcecode.swift; path = UpdatesTabScreen.swift; sourceTree = "<group>"; };
		CD5B26C82C36F34A00B5F357 /* CommunityTabScreen.swift */ = {isa = PBXFileReference; lastKnownFileType = sourcecode.swift; path = CommunityTabScreen.swift; sourceTree = "<group>"; };
		CD5B26CB2C36FC0900B5F357 /* ChannelTabScreen.swift */ = {isa = PBXFileReference; lastKnownFileType = sourcecode.swift; path = ChannelTabScreen.swift; sourceTree = "<group>"; };
		CD6937892C2ED6C80064680C /* CallsTabScreen.swift */ = {isa = PBXFileReference; lastKnownFileType = sourcecode.swift; path = CallsTabScreen.swift; sourceTree = "<group>"; };
		CD69378C2C2EF8300064680C /* CustomFont.swift */ = {isa = PBXFileReference; lastKnownFileType = sourcecode.swift; path = CustomFont.swift; sourceTree = "<group>"; };
		CD9B96422C46E15100452F06 /* ChannelItemView.swift */ = {isa = PBXFileReference; lastKnownFileType = sourcecode.swift; path = ChannelItemView.swift; sourceTree = "<group>"; };
		CDA64F302C1DCE3B00E0524D /* DYchat.app */ = {isa = PBXFileReference; explicitFileType = wrapper.application; includeInIndex = 0; path = DYchat.app; sourceTree = BUILT_PRODUCTS_DIR; };
		CDA64F332C1DCE3B00E0524D /* DYchatApp.swift */ = {isa = PBXFileReference; lastKnownFileType = sourcecode.swift; path = DYchatApp.swift; sourceTree = "<group>"; };
		CDA64F372C1DCE3C00E0524D /* Assets.xcassets */ = {isa = PBXFileReference; lastKnownFileType = folder.assetcatalog; path = Assets.xcassets; sourceTree = "<group>"; };
		CDA64F3A2C1DCE3C00E0524D /* Preview Assets.xcassets */ = {isa = PBXFileReference; lastKnownFileType = folder.assetcatalog; path = "Preview Assets.xcassets"; sourceTree = "<group>"; };
		CDA64F412C1DCEC200E0524D /* MainTabView.swift */ = {isa = PBXFileReference; lastKnownFileType = sourcecode.swift; path = MainTabView.swift; sourceTree = "<group>"; };
		CDAF01F02C2ED35E00DFC23C /* VT323-Regular.ttf */ = {isa = PBXFileReference; lastKnownFileType = file; path = "VT323-Regular.ttf"; sourceTree = "<group>"; };
		CDAF01F22C2ED5B400DFC23C /* Info.plist */ = {isa = PBXFileReference; lastKnownFileType = text.plist; path = Info.plist; sourceTree = "<group>"; };
		CDCFEFF02C482459003EC636 /* SettingsTabScreen.swift */ = {isa = PBXFileReference; lastKnownFileType = sourcecode.swift; path = SettingsTabScreen.swift; sourceTree = "<group>"; };
		CDCFEFF22C4824ED003EC636 /* SettingsItemView.swift */ = {isa = PBXFileReference; lastKnownFileType = sourcecode.swift; path = SettingsItemView.swift; sourceTree = "<group>"; };
		CDCFEFF52C482764003EC636 /* SettingsItem.swift */ = {isa = PBXFileReference; lastKnownFileType = sourcecode.swift; path = SettingsItem.swift; sourceTree = "<group>"; };
/* End PBXFileReference section */

/* Begin PBXFrameworksBuildPhase section */
		CDA64F2D2C1DCE3B00E0524D /* Frameworks */ = {
			isa = PBXFrameworksBuildPhase;
			buildActionMask = 2147483647;
			files = (
			);
			runOnlyForDeploymentPostprocessing = 0;
		};
/* End PBXFrameworksBuildPhase section */

/* Begin PBXGroup section */
		CD5B26BD2C36F24A00B5F357 /* Screens */ = {
			isa = PBXGroup;
			children = (
				CD5B26BF2C36F25E00B5F357 /* Updates */,
				CD5B26C42C36F2BC00B5F357 /* Calls */,
				CD5B26C12C36F27D00B5F357 /* Channel */,
				CD5B26C02C36F26F00B5F357 /* Community */,
				CD5B26C22C36F28600B5F357 /* Settings */,
			);
			path = Screens;
			sourceTree = "<group>";
		};
		CD5B26BF2C36F25E00B5F357 /* Updates */ = {
			isa = PBXGroup;
			children = (
				CD5B26C62C36F2F000B5F357 /* Views */,
			);
			path = Updates;
			sourceTree = "<group>";
		};
		CD5B26C02C36F26F00B5F357 /* Community */ = {
			isa = PBXGroup;
			children = (
				CD5B26C72C36F33900B5F357 /* Views */,
			);
			path = Community;
			sourceTree = "<group>";
		};
		CD5B26C12C36F27D00B5F357 /* Channel */ = {
			isa = PBXGroup;
			children = (
				CD5B26CA2C36FBF600B5F357 /* Views */,
			);
			path = Channel;
			sourceTree = "<group>";
		};
		CD5B26C22C36F28600B5F357 /* Settings */ = {
			isa = PBXGroup;
			children = (
				CDCFEFF42C482753003EC636 /* Models */,
				CDCFEFEF2C482446003EC636 /* Views */,
			);
			path = Settings;
			sourceTree = "<group>";
		};
		CD5B26C42C36F2BC00B5F357 /* Calls */ = {
			isa = PBXGroup;
			children = (
				CD5B26C52C36F2D300B5F357 /* Views */,
			);
			path = Calls;
			sourceTree = "<group>";
		};
		CD5B26C52C36F2D300B5F357 /* Views */ = {
			isa = PBXGroup;
			children = (
				CD6937892C2ED6C80064680C /* CallsTabScreen.swift */,
			);
			path = Views;
			sourceTree = "<group>";
		};
		CD5B26C62C36F2F000B5F357 /* Views */ = {
			isa = PBXGroup;
			children = (
				CD4CA07C2C23449300A4A7F4 /* UpdatesTabScreen.swift */,
			);
			path = Views;
			sourceTree = "<group>";
		};
		CD5B26C72C36F33900B5F357 /* Views */ = {
			isa = PBXGroup;
			children = (
				CD5B26C82C36F34A00B5F357 /* CommunityTabScreen.swift */,
			);
			path = Views;
			sourceTree = "<group>";
		};
		CD5B26CA2C36FBF600B5F357 /* Views */ = {
			isa = PBXGroup;
			children = (
				CD5B26CB2C36FC0900B5F357 /* ChannelTabScreen.swift */,
				CD9B96422C46E15100452F06 /* ChannelItemView.swift */,
			);
			path = Views;
			sourceTree = "<group>";
		};
		CD69378B2C2EF31C0064680C /* Utils */ = {
			isa = PBXGroup;
			children = (
				CDAF01EF2C2ED34900DFC23C /* Font */,
			);
			path = Utils;
			sourceTree = "<group>";
		};
		CDA64F272C1DCE3B00E0524D = {
			isa = PBXGroup;
			children = (
				CDA64F322C1DCE3B00E0524D /* DYchat */,
				CDA64F312C1DCE3B00E0524D /* Products */,
			);
			sourceTree = "<group>";
		};
		CDA64F312C1DCE3B00E0524D /* Products */ = {
			isa = PBXGroup;
			children = (
				CDA64F302C1DCE3B00E0524D /* DYchat.app */,
			);
			name = Products;
			sourceTree = "<group>";
		};
		CDA64F322C1DCE3B00E0524D /* DYchat */ = {
			isa = PBXGroup;
			children = (
				CD69378B2C2EF31C0064680C /* Utils */,
				CD5B26BD2C36F24A00B5F357 /* Screens */,
				CDAF01F22C2ED5B400DFC23C /* Info.plist */,
				CDA64F332C1DCE3B00E0524D /* DYchatApp.swift */,
				CDA64F412C1DCEC200E0524D /* MainTabView.swift */,
				CDA64F372C1DCE3C00E0524D /* Assets.xcassets */,
				CDA64F392C1DCE3C00E0524D /* Preview Content */,
			);
			path = DYchat;
			sourceTree = "<group>";
		};
		CDA64F392C1DCE3C00E0524D /* Preview Content */ = {
			isa = PBXGroup;
			children = (
				CDA64F3A2C1DCE3C00E0524D /* Preview Assets.xcassets */,
			);
			path = "Preview Content";
			sourceTree = "<group>";
		};
		CDAF01EF2C2ED34900DFC23C /* Font */ = {
			isa = PBXGroup;
			children = (
				CDAF01F02C2ED35E00DFC23C /* VT323-Regular.ttf */,
				CD69378C2C2EF8300064680C /* CustomFont.swift */,
			);
			path = Font;
			sourceTree = "<group>";
		};
		CDCFEFEF2C482446003EC636 /* Views */ = {
			isa = PBXGroup;
			children = (
				CDCFEFF02C482459003EC636 /* SettingsTabScreen.swift */,
				CDCFEFF22C4824ED003EC636 /* SettingsItemView.swift */,
			);
			path = Views;
			sourceTree = "<group>";
		};
		CDCFEFF42C482753003EC636 /* Models */ = {
			isa = PBXGroup;
			children = (
				CDCFEFF52C482764003EC636 /* SettingsItem.swift */,
			);
			path = Models;
			sourceTree = "<group>";
		};
/* End PBXGroup section */

/* Begin PBXNativeTarget section */
		CDA64F2F2C1DCE3B00E0524D /* DYchat */ = {
			isa = PBXNativeTarget;
			buildConfigurationList = CDA64F3E2C1DCE3C00E0524D /* Build configuration list for PBXNativeTarget "DYchat" */;
			buildPhases = (
				CDA64F2C2C1DCE3B00E0524D /* Sources */,
				CDA64F2D2C1DCE3B00E0524D /* Frameworks */,
				CDA64F2E2C1DCE3B00E0524D /* Resources */,
			);
			buildRules = (
			);
			dependencies = (
			);
			name = DYchat;
			productName = DYchat;
			productReference = CDA64F302C1DCE3B00E0524D /* DYchat.app */;
			productType = "com.apple.product-type.application";
		};
/* End PBXNativeTarget section */

/* Begin PBXProject section */
		CDA64F282C1DCE3B00E0524D /* Project object */ = {
			isa = PBXProject;
			attributes = {
				BuildIndependentTargetsInParallel = 1;
				LastSwiftUpdateCheck = 1540;
				LastUpgradeCheck = 1540;
				TargetAttributes = {
					CDA64F2F2C1DCE3B00E0524D = {
						CreatedOnToolsVersion = 15.4;
					};
				};
			};
			buildConfigurationList = CDA64F2B2C1DCE3B00E0524D /* Build configuration list for PBXProject "DYchat" */;
			compatibilityVersion = "Xcode 14.0";
			developmentRegion = en;
			hasScannedForEncodings = 0;
			knownRegions = (
				en,
				Base,
			);
			mainGroup = CDA64F272C1DCE3B00E0524D;
			productRefGroup = CDA64F312C1DCE3B00E0524D /* Products */;
			projectDirPath = "";
			projectRoot = "";
			targets = (
				CDA64F2F2C1DCE3B00E0524D /* DYchat */,
			);
		};
/* End PBXProject section */

/* Begin PBXResourcesBuildPhase section */
		CDA64F2E2C1DCE3B00E0524D /* Resources */ = {
			isa = PBXResourcesBuildPhase;
			buildActionMask = 2147483647;
			files = (
				CDA64F3B2C1DCE3C00E0524D /* Preview Assets.xcassets in Resources */,
				CDAF01F12C2ED35E00DFC23C /* VT323-Regular.ttf in Resources */,
				CDA64F382C1DCE3C00E0524D /* Assets.xcassets in Resources */,
			);
			runOnlyForDeploymentPostprocessing = 0;
		};
/* End PBXResourcesBuildPhase section */

/* Begin PBXSourcesBuildPhase section */
		CDA64F2C2C1DCE3B00E0524D /* Sources */ = {
			isa = PBXSourcesBuildPhase;
			buildActionMask = 2147483647;
			files = (
				CD5B26CC2C36FC0900B5F357 /* ChannelTabScreen.swift in Sources */,
				CD69378D2C2EF8300064680C /* CustomFont.swift in Sources */,
				CD4CA07D2C23449300A4A7F4 /* UpdatesTabScreen.swift in Sources */,
				CDCFEFF62C482764003EC636 /* SettingsItem.swift in Sources */,
				CD9B96432C46E15100452F06 /* ChannelItemView.swift in Sources */,
				CD69378A2C2ED6C80064680C /* CallsTabScreen.swift in Sources */,
				CD5B26C92C36F34A00B5F357 /* CommunityTabScreen.swift in Sources */,
				CDCFEFF32C4824ED003EC636 /* SettingsItemView.swift in Sources */,
				CDA64F342C1DCE3B00E0524D /* DYchatApp.swift in Sources */,
				CDA64F422C1DCEC200E0524D /* MainTabView.swift in Sources */,
				CDCFEFF12C482459003EC636 /* SettingsTabScreen.swift in Sources */,
			);
			runOnlyForDeploymentPostprocessing = 0;
		};
/* End PBXSourcesBuildPhase section */

/* Begin XCBuildConfiguration section */
		CDA64F3C2C1DCE3C00E0524D /* Debug */ = {
			isa = XCBuildConfiguration;
			buildSettings = {
				ALWAYS_SEARCH_USER_PATHS = NO;
				ASSETCATALOG_COMPILER_GENERATE_SWIFT_ASSET_SYMBOL_EXTENSIONS = YES;
				CLANG_ANALYZER_NONNULL = YES;
				CLANG_ANALYZER_NUMBER_OBJECT_CONVERSION = YES_AGGRESSIVE;
				CLANG_CXX_LANGUAGE_STANDARD = "gnu++20";
				CLANG_ENABLE_MODULES = YES;
				CLANG_ENABLE_OBJC_ARC = YES;
				CLANG_ENABLE_OBJC_WEAK = YES;
				CLANG_WARN_BLOCK_CAPTURE_AUTORELEASING = YES;
				CLANG_WARN_BOOL_CONVERSION = YES;
				CLANG_WARN_COMMA = YES;
				CLANG_WARN_CONSTANT_CONVERSION = YES;
				CLANG_WARN_DEPRECATED_OBJC_IMPLEMENTATIONS = YES;
				CLANG_WARN_DIRECT_OBJC_ISA_USAGE = YES_ERROR;
				CLANG_WARN_DOCUMENTATION_COMMENTS = YES;
				CLANG_WARN_EMPTY_BODY = YES;
				CLANG_WARN_ENUM_CONVERSION = YES;
				CLANG_WARN_INFINITE_RECURSION = YES;
				CLANG_WARN_INT_CONVERSION = YES;
				CLANG_WARN_NON_LITERAL_NULL_CONVERSION = YES;
				CLANG_WARN_OBJC_IMPLICIT_RETAIN_SELF = YES;
				CLANG_WARN_OBJC_LITERAL_CONVERSION = YES;
				CLANG_WARN_OBJC_ROOT_CLASS = YES_ERROR;
				CLANG_WARN_QUOTED_INCLUDE_IN_FRAMEWORK_HEADER = YES;
				CLANG_WARN_RANGE_LOOP_ANALYSIS = YES;
				CLANG_WARN_STRICT_PROTOTYPES = YES;
				CLANG_WARN_SUSPICIOUS_MOVE = YES;
				CLANG_WARN_UNGUARDED_AVAILABILITY = YES_AGGRESSIVE;
				CLANG_WARN_UNREACHABLE_CODE = YES;
				CLANG_WARN__DUPLICATE_METHOD_MATCH = YES;
				COPY_PHASE_STRIP = NO;
				DEBUG_INFORMATION_FORMAT = dwarf;
				ENABLE_STRICT_OBJC_MSGSEND = YES;
				ENABLE_TESTABILITY = YES;
				ENABLE_USER_SCRIPT_SANDBOXING = YES;
				GCC_C_LANGUAGE_STANDARD = gnu17;
				GCC_DYNAMIC_NO_PIC = NO;
				GCC_NO_COMMON_BLOCKS = YES;
				GCC_OPTIMIZATION_LEVEL = 0;
				GCC_PREPROCESSOR_DEFINITIONS = (
					"DEBUG=1",
					"$(inherited)",
				);
				GCC_WARN_64_TO_32_BIT_CONVERSION = YES;
				GCC_WARN_ABOUT_RETURN_TYPE = YES_ERROR;
				GCC_WARN_UNDECLARED_SELECTOR = YES;
				GCC_WARN_UNINITIALIZED_AUTOS = YES_AGGRESSIVE;
				GCC_WARN_UNUSED_FUNCTION = YES;
				GCC_WARN_UNUSED_VARIABLE = YES;
				IPHONEOS_DEPLOYMENT_TARGET = 17.5;
				LOCALIZATION_PREFERS_STRING_CATALOGS = YES;
				MTL_ENABLE_DEBUG_INFO = INCLUDE_SOURCE;
				MTL_FAST_MATH = YES;
				ONLY_ACTIVE_ARCH = YES;
				SDKROOT = iphoneos;
				SWIFT_ACTIVE_COMPILATION_CONDITIONS = "DEBUG $(inherited)";
				SWIFT_OPTIMIZATION_LEVEL = "-Onone";
			};
			name = Debug;
		};
		CDA64F3D2C1DCE3C00E0524D /* Release */ = {
			isa = XCBuildConfiguration;
			buildSettings = {
				ALWAYS_SEARCH_USER_PATHS = NO;
				ASSETCATALOG_COMPILER_GENERATE_SWIFT_ASSET_SYMBOL_EXTENSIONS = YES;
				CLANG_ANALYZER_NONNULL = YES;
				CLANG_ANALYZER_NUMBER_OBJECT_CONVERSION = YES_AGGRESSIVE;
				CLANG_CXX_LANGUAGE_STANDARD = "gnu++20";
				CLANG_ENABLE_MODULES = YES;
				CLANG_ENABLE_OBJC_ARC = YES;
				CLANG_ENABLE_OBJC_WEAK = YES;
				CLANG_WARN_BLOCK_CAPTURE_AUTORELEASING = YES;
				CLANG_WARN_BOOL_CONVERSION = YES;
				CLANG_WARN_COMMA = YES;
				CLANG_WARN_CONSTANT_CONVERSION = YES;
				CLANG_WARN_DEPRECATED_OBJC_IMPLEMENTATIONS = YES;
				CLANG_WARN_DIRECT_OBJC_ISA_USAGE = YES_ERROR;
				CLANG_WARN_DOCUMENTATION_COMMENTS = YES;
				CLANG_WARN_EMPTY_BODY = YES;
				CLANG_WARN_ENUM_CONVERSION = YES;
				CLANG_WARN_INFINITE_RECURSION = YES;
				CLANG_WARN_INT_CONVERSION = YES;
				CLANG_WARN_NON_LITERAL_NULL_CONVERSION = YES;
				CLANG_WARN_OBJC_IMPLICIT_RETAIN_SELF = YES;
				CLANG_WARN_OBJC_LITERAL_CONVERSION = YES;
				CLANG_WARN_OBJC_ROOT_CLASS = YES_ERROR;
				CLANG_WARN_QUOTED_INCLUDE_IN_FRAMEWORK_HEADER = YES;
				CLANG_WARN_RANGE_LOOP_ANALYSIS = YES;
				CLANG_WARN_STRICT_PROTOTYPES = YES;
				CLANG_WARN_SUSPICIOUS_MOVE = YES;
				CLANG_WARN_UNGUARDED_AVAILABILITY = YES_AGGRESSIVE;
				CLANG_WARN_UNREACHABLE_CODE = YES;
				CLANG_WARN__DUPLICATE_METHOD_MATCH = YES;
				COPY_PHASE_STRIP = NO;
				DEBUG_INFORMATION_FORMAT = "dwarf-with-dsym";
				ENABLE_NS_ASSERTIONS = NO;
				ENABLE_STRICT_OBJC_MSGSEND = YES;
				ENABLE_USER_SCRIPT_SANDBOXING = YES;
				GCC_C_LANGUAGE_STANDARD = gnu17;
				GCC_NO_COMMON_BLOCKS = YES;
				GCC_WARN_64_TO_32_BIT_CONVERSION = YES;
				GCC_WARN_ABOUT_RETURN_TYPE = YES_ERROR;
				GCC_WARN_UNDECLARED_SELECTOR = YES;
				GCC_WARN_UNINITIALIZED_AUTOS = YES_AGGRESSIVE;
				GCC_WARN_UNUSED_FUNCTION = YES;
				GCC_WARN_UNUSED_VARIABLE = YES;
				IPHONEOS_DEPLOYMENT_TARGET = 17.5;
				LOCALIZATION_PREFERS_STRING_CATALOGS = YES;
				MTL_ENABLE_DEBUG_INFO = NO;
				MTL_FAST_MATH = YES;
				SDKROOT = iphoneos;
				SWIFT_COMPILATION_MODE = wholemodule;
				VALIDATE_PRODUCT = YES;
			};
			name = Release;
		};
		CDA64F3F2C1DCE3C00E0524D /* Debug */ = {
			isa = XCBuildConfiguration;
			buildSettings = {
				ASSETCATALOG_COMPILER_APPICON_NAME = AppIcon;
				ASSETCATALOG_COMPILER_GLOBAL_ACCENT_COLOR_NAME = AccentColor;
				CODE_SIGN_STYLE = Automatic;
				CURRENT_PROJECT_VERSION = 1;
				DEVELOPMENT_ASSET_PATHS = "\"DYchat/Preview Content\"";
				DEVELOPMENT_TEAM = 72NYN8P4E4;
				ENABLE_PREVIEWS = YES;
				GENERATE_INFOPLIST_FILE = YES;
				INFOPLIST_FILE = DYchat/Info.plist;
				INFOPLIST_KEY_UIApplicationSceneManifest_Generation = YES;
				INFOPLIST_KEY_UIApplicationSupportsIndirectInputEvents = YES;
				INFOPLIST_KEY_UILaunchScreen_Generation = YES;
				INFOPLIST_KEY_UISupportedInterfaceOrientations_iPad = "UIInterfaceOrientationPortrait UIInterfaceOrientationPortraitUpsideDown UIInterfaceOrientationLandscapeLeft UIInterfaceOrientationLandscapeRight";
				INFOPLIST_KEY_UISupportedInterfaceOrientations_iPhone = "UIInterfaceOrientationPortrait UIInterfaceOrientationLandscapeLeft UIInterfaceOrientationLandscapeRight";
				LD_RUNPATH_SEARCH_PATHS = (
					"$(inherited)",
					"@executable_path/Frameworks",
				);
				MARKETING_VERSION = 1.0;
				PRODUCT_BUNDLE_IDENTIFIER = com.romeshsinghabahu.DYchat;
				PRODUCT_NAME = "$(TARGET_NAME)";
				SWIFT_EMIT_LOC_STRINGS = YES;
				SWIFT_VERSION = 5.0;
				TARGETED_DEVICE_FAMILY = "1,2";
			};
			name = Debug;
		};
		CDA64F402C1DCE3C00E0524D /* Release */ = {
			isa = XCBuildConfiguration;
			buildSettings = {
				ASSETCATALOG_COMPILER_APPICON_NAME = AppIcon;
				ASSETCATALOG_COMPILER_GLOBAL_ACCENT_COLOR_NAME = AccentColor;
				CODE_SIGN_STYLE = Automatic;
				CURRENT_PROJECT_VERSION = 1;
				DEVELOPMENT_ASSET_PATHS = "\"DYchat/Preview Content\"";
				DEVELOPMENT_TEAM = 72NYN8P4E4;
				ENABLE_PREVIEWS = YES;
				GENERATE_INFOPLIST_FILE = YES;
				INFOPLIST_FILE = DYchat/Info.plist;
				INFOPLIST_KEY_UIApplicationSceneManifest_Generation = YES;
				INFOPLIST_KEY_UIApplicationSupportsIndirectInputEvents = YES;
				INFOPLIST_KEY_UILaunchScreen_Generation = YES;
				INFOPLIST_KEY_UISupportedInterfaceOrientations_iPad = "UIInterfaceOrientationPortrait UIInterfaceOrientationPortraitUpsideDown UIInterfaceOrientationLandscapeLeft UIInterfaceOrientationLandscapeRight";
				INFOPLIST_KEY_UISupportedInterfaceOrientations_iPhone = "UIInterfaceOrientationPortrait UIInterfaceOrientationLandscapeLeft UIInterfaceOrientationLandscapeRight";
				LD_RUNPATH_SEARCH_PATHS = (
					"$(inherited)",
					"@executable_path/Frameworks",
				);
				MARKETING_VERSION = 1.0;
				PRODUCT_BUNDLE_IDENTIFIER = com.romeshsinghabahu.DYchat;
				PRODUCT_NAME = "$(TARGET_NAME)";
				SWIFT_EMIT_LOC_STRINGS = YES;
				SWIFT_VERSION = 5.0;
				TARGETED_DEVICE_FAMILY = "1,2";
			};
			name = Release;
		};
/* End XCBuildConfiguration section */

/* Begin XCConfigurationList section */
		CDA64F2B2C1DCE3B00E0524D /* Build configuration list for PBXProject "DYchat" */ = {
			isa = XCConfigurationList;
			buildConfigurations = (
				CDA64F3C2C1DCE3C00E0524D /* Debug */,
				CDA64F3D2C1DCE3C00E0524D /* Release */,
			);
			defaultConfigurationIsVisible = 0;
			defaultConfigurationName = Release;
		};
		CDA64F3E2C1DCE3C00E0524D /* Build configuration list for PBXNativeTarget "DYchat" */ = {
			isa = XCConfigurationList;
			buildConfigurations = (
				CDA64F3F2C1DCE3C00E0524D /* Debug */,
				CDA64F402C1DCE3C00E0524D /* Release */,
			);
			defaultConfigurationIsVisible = 0;
			defaultConfigurationName = Release;
		};
/* End XCConfigurationList section */
	};
	rootObject = CDA64F282C1DCE3B00E0524D /* Project object */;
}
